
Microsoft Visual Studio Solution File, Format Version 12.00
# Visual Studio 15
VisualStudioVersion = 15.0.28307.852
MinimumVisualStudioVersion = 10.0.40219.1
Project("{8BC9CEB8-8B4A-11D0-8D11-00A0C91BC942}") = "CIS22C_Lab1", "CIS22C_Lab1\CIS22C_Lab1.vcxproj", "{46F05115-8326-4AC9-8B51-223EA6B55CDA}"
EndProject
Global
	GlobalSection(SolutionConfigurationPlatforms) = preSolution
		Debug|x64 = Debug|x64
		Debug|x86 = Debug|x86
		Release|x64 = Release|x64
		Release|x86 = Release|x86
	EndGlobalSection
	GlobalSection(ProjectConfigurationPlatforms) = postSolution
		{46F05115-8326-4AC9-8B51-223EA6B55CDA}.Debug|x64.ActiveCfg = Debug|x64
		{46F05115-8326-4AC9-8B51-223EA6B55CDA}.Debug|x64.Build.0 = Debug|x64
		{46F05115-8326-4AC9-8B51-223EA6B55CDA}.Debug|x86.ActiveCfg = Debug|Win32
		{46F05115-8326-4AC9-8B51-223EA6B55CDA}.Debug|x86.Build.0 = Debug|Win32
		{46F05115-8326-4AC9-8B51-223EA6B55CDA}.Release|x64.ActiveCfg = Release|x64
		{46F05115-8326-4AC9-8B51-223EA6B55CDA}.Release|x64.Build.0 = Release|x64
		{46F05115-8326-4AC9-8B51-223EA6B55CDA}.Release|x86.ActiveCfg = Release|Win32
		{46F05115-8326-4AC9-8B51-223EA6B55CDA}.Release|x86.Build.0 = Release|Win32
	EndGlobalSection
	GlobalSection(SolutionProperties) = preSolution
		HideSolutionNode = FALSE
	EndGlobalSection
	GlobalSection(ExtensibilityGlobals) = postSolution
		SolutionGuid = {D9D90F7D-9A20-4037-8BC3-C1240A953131}
	EndGlobalSection
EndGlobal
